// !$*UTF8*$!
{
	archiveVersion = 1;
	classes = {
	};
	objectVersion = 55;
	objects = {

/* Begin PBXBuildFile section */
		DA1155AA2847550300B9F742 /* AppDelegate.swift in Sources */ = {isa = PBXBuildFile; fileRef = DA1155A92847550300B9F742 /* AppDelegate.swift */; };
		DA1155AC2847550300B9F742 /* SceneDelegate.swift in Sources */ = {isa = PBXBuildFile; fileRef = DA1155AB2847550300B9F742 /* SceneDelegate.swift */; };
		DA1155AE2847550300B9F742 /* ViewController.swift in Sources */ = {isa = PBXBuildFile; fileRef = DA1155AD2847550300B9F742 /* ViewController.swift */; };
		DA1155B32847550800B9F742 /* Assets.xcassets in Resources */ = {isa = PBXBuildFile; fileRef = DA1155B22847550800B9F742 /* Assets.xcassets */; };
		DAD01A67286C3B460006A584 /* GoogleService-Info.plist in Resources */ = {isa = PBXBuildFile; fileRef = DAD01A66286C3B460006A584 /* GoogleService-Info.plist */; };
		DAD01A6A286C3C760006A584 /* FirebaseAuth in Frameworks */ = {isa = PBXBuildFile; productRef = DAD01A69286C3C760006A584 /* FirebaseAuth */; };
		DAD01A6C286C3C760006A584 /* FirebaseFirestore in Frameworks */ = {isa = PBXBuildFile; productRef = DAD01A6B286C3C760006A584 /* FirebaseFirestore */; };
		DAD01A6E286C49060006A584 /* Launch Screen.storyboard in Resources */ = {isa = PBXBuildFile; fileRef = DAD01A6D286C49060006A584 /* Launch Screen.storyboard */; };
		DAD01A71286C5EF80006A584 /* LoginViewController.swift in Sources */ = {isa = PBXBuildFile; fileRef = DAD01A70286C5EF80006A584 /* LoginViewController.swift */; };
		DAD01A73286C60840006A584 /* ShareViewController.swift in Sources */ = {isa = PBXBuildFile; fileRef = DAD01A72286C60840006A584 /* ShareViewController.swift */; };
		DAD01A76286C62E80006A584 /* Utilities.swift in Sources */ = {isa = PBXBuildFile; fileRef = DAD01A75286C62E80006A584 /* Utilities.swift */; };
		DAD01A78286C6D7A0006A584 /* HomeViewController.swift in Sources */ = {isa = PBXBuildFile; fileRef = DAD01A77286C6D7A0006A584 /* HomeViewController.swift */; };
		DAD01A7A286C6D8A0006A584 /* RegisterViewController.swift in Sources */ = {isa = PBXBuildFile; fileRef = DAD01A79286C6D8A0006A584 /* RegisterViewController.swift */; };
		DAD01A7C286C900B0006A584 /* ProfileViewController.swift in Sources */ = {isa = PBXBuildFile; fileRef = DAD01A7B286C900B0006A584 /* ProfileViewController.swift */; };
		DAD01A7F286CBADC0006A584 /* SharedItem.swift in Sources */ = {isa = PBXBuildFile; fileRef = DAD01A7E286CBADC0006A584 /* SharedItem.swift */; };
		DAD01A85286DD7850006A584 /* SharedItemTableViewCell.swift in Sources */ = {isa = PBXBuildFile; fileRef = DAD01A83286DD7850006A584 /* SharedItemTableViewCell.swift */; };
		DAD01A86286DD7850006A584 /* SharedItemTableViewCell.xib in Resources */ = {isa = PBXBuildFile; fileRef = DAD01A84286DD7850006A584 /* SharedItemTableViewCell.xib */; };
		DAD01A88286DD9190006A584 /* UploadViewController.swift in Sources */ = {isa = PBXBuildFile; fileRef = DAD01A87286DD9190006A584 /* UploadViewController.swift */; };
		DAD01A8E286E1F040006A584 /* Arima-VariableFont_wght.ttf in Resources */ = {isa = PBXBuildFile; fileRef = DAD01A8C286DFE990006A584 /* Arima-VariableFont_wght.ttf */; };
		DAD01A8F286E1F060006A584 /* Splash-Regular.ttf in Resources */ = {isa = PBXBuildFile; fileRef = DAD01A8D286DFEA50006A584 /* Splash-Regular.ttf */; };
		DAD01A92286E227A0006A584 /* Main.storyboard in Resources */ = {isa = PBXBuildFile; fileRef = DAD01A90286E227A0006A584 /* Main.storyboard */; };
		DAD01A94286E29360006A584 /* wave.png in Resources */ = {isa = PBXBuildFile; fileRef = DAD01A93286E29360006A584 /* wave.png */; };
/* End PBXBuildFile section */

/* Begin PBXFileReference section */
		DA1155A62847550300B9F742 /* ShareAway.app */ = {isa = PBXFileReference; explicitFileType = wrapper.application; includeInIndex = 0; path = ShareAway.app; sourceTree = BUILT_PRODUCTS_DIR; };
		DA1155A92847550300B9F742 /* AppDelegate.swift */ = {isa = PBXFileReference; lastKnownFileType = sourcecode.swift; path = AppDelegate.swift; sourceTree = "<group>"; };
		DA1155AB2847550300B9F742 /* SceneDelegate.swift */ = {isa = PBXFileReference; lastKnownFileType = sourcecode.swift; path = SceneDelegate.swift; sourceTree = "<group>"; };
		DA1155AD2847550300B9F742 /* ViewController.swift */ = {isa = PBXFileReference; lastKnownFileType = sourcecode.swift; path = ViewController.swift; sourceTree = "<group>"; };
		DA1155B22847550800B9F742 /* Assets.xcassets */ = {isa = PBXFileReference; lastKnownFileType = folder.assetcatalog; path = Assets.xcassets; sourceTree = "<group>"; };
		DA1155B72847550800B9F742 /* Info.plist */ = {isa = PBXFileReference; lastKnownFileType = text.plist.xml; path = Info.plist; sourceTree = "<group>"; };
		DAD01A66286C3B460006A584 /* GoogleService-Info.plist */ = {isa = PBXFileReference; fileEncoding = 4; lastKnownFileType = text.plist.xml; name = "GoogleService-Info.plist"; path = "../../../Downloads/GoogleService-Info.plist"; sourceTree = "<group>"; };
		DAD01A6D286C49060006A584 /* Launch Screen.storyboard */ = {isa = PBXFileReference; lastKnownFileType = file.storyboard; path = "Launch Screen.storyboard"; sourceTree = "<group>"; };
		DAD01A70286C5EF80006A584 /* LoginViewController.swift */ = {isa = PBXFileReference; lastKnownFileType = sourcecode.swift; path = LoginViewController.swift; sourceTree = "<group>"; };
		DAD01A72286C60840006A584 /* ShareViewController.swift */ = {isa = PBXFileReference; lastKnownFileType = sourcecode.swift; path = ShareViewController.swift; sourceTree = "<group>"; };
		DAD01A75286C62E80006A584 /* Utilities.swift */ = {isa = PBXFileReference; lastKnownFileType = sourcecode.swift; path = Utilities.swift; sourceTree = "<group>"; };
		DAD01A77286C6D7A0006A584 /* HomeViewController.swift */ = {isa = PBXFileReference; lastKnownFileType = sourcecode.swift; path = HomeViewController.swift; sourceTree = "<group>"; };
		DAD01A79286C6D8A0006A584 /* RegisterViewController.swift */ = {isa = PBXFileReference; lastKnownFileType = sourcecode.swift; path = RegisterViewController.swift; sourceTree = "<group>"; };
		DAD01A7B286C900B0006A584 /* ProfileViewController.swift */ = {isa = PBXFileReference; lastKnownFileType = sourcecode.swift; path = ProfileViewController.swift; sourceTree = "<group>"; };
		DAD01A7E286CBADC0006A584 /* SharedItem.swift */ = {isa = PBXFileReference; lastKnownFileType = sourcecode.swift; path = SharedItem.swift; sourceTree = "<group>"; };
		DAD01A83286DD7850006A584 /* SharedItemTableViewCell.swift */ = {isa = PBXFileReference; fileEncoding = 4; lastKnownFileType = sourcecode.swift; path = SharedItemTableViewCell.swift; sourceTree = "<group>"; };
		DAD01A84286DD7850006A584 /* SharedItemTableViewCell.xib */ = {isa = PBXFileReference; fileEncoding = 4; lastKnownFileType = file.xib; path = SharedItemTableViewCell.xib; sourceTree = "<group>"; };
		DAD01A87286DD9190006A584 /* UploadViewController.swift */ = {isa = PBXFileReference; lastKnownFileType = sourcecode.swift; path = UploadViewController.swift; sourceTree = "<group>"; };
		DAD01A8C286DFE990006A584 /* Arima-VariableFont_wght.ttf */ = {isa = PBXFileReference; lastKnownFileType = file; path = "Arima-VariableFont_wght.ttf"; sourceTree = "<group>"; };
		DAD01A8D286DFEA50006A584 /* Splash-Regular.ttf */ = {isa = PBXFileReference; lastKnownFileType = file; path = "Splash-Regular.ttf"; sourceTree = "<group>"; };
		DAD01A91286E227A0006A584 /* Base */ = {isa = PBXFileReference; lastKnownFileType = file.storyboard; name = Base; path = Base.lproj/Main.storyboard; sourceTree = "<group>"; };
		DAD01A93286E29360006A584 /* wave.png */ = {isa = PBXFileReference; lastKnownFileType = image.png; path = wave.png; sourceTree = "<group>"; };
/* End PBXFileReference section */

/* Begin PBXFrameworksBuildPhase section */
		DA1155A32847550300B9F742 /* Frameworks */ = {
			isa = PBXFrameworksBuildPhase;
			buildActionMask = 2147483647;
			files = (
				DAD01A6A286C3C760006A584 /* FirebaseAuth in Frameworks */,
				DAD01A6C286C3C760006A584 /* FirebaseFirestore in Frameworks */,
			);
			runOnlyForDeploymentPostprocessing = 0;
		};
/* End PBXFrameworksBuildPhase section */

/* Begin PBXGroup section */
		DA11559D2847550300B9F742 = {
			isa = PBXGroup;
			children = (
				DA1155A82847550300B9F742 /* ShareAway */,
				DA1155A72847550300B9F742 /* Products */,
			);
			sourceTree = "<group>";
		};
		DA1155A72847550300B9F742 /* Products */ = {
			isa = PBXGroup;
			children = (
				DA1155A62847550300B9F742 /* ShareAway.app */,
			);
			name = Products;
			sourceTree = "<group>";
		};
		DA1155A82847550300B9F742 /* ShareAway */ = {
			isa = PBXGroup;
			children = (
				DAD01A95286E293A0006A584 /* Assets */,
				DAD01A8B286DFE8D0006A584 /* Fonts */,
				DAD01A82286DD7790006A584 /* Views */,
				DAD01A7D286CBABC0006A584 /* Data */,
				DAD01A74286C62D90006A584 /* Utilities */,
				DAD01A6F286C5E8F0006A584 /* Controllers */,
				DA1155A92847550300B9F742 /* AppDelegate.swift */,
				DA1155AB2847550300B9F742 /* SceneDelegate.swift */,
				DAD01A90286E227A0006A584 /* Main.storyboard */,
				DA1155B22847550800B9F742 /* Assets.xcassets */,
				DA1155B72847550800B9F742 /* Info.plist */,
				DAD01A66286C3B460006A584 /* GoogleService-Info.plist */,
				DAD01A6D286C49060006A584 /* Launch Screen.storyboard */,
			);
			path = ShareAway;
			sourceTree = "<group>";
		};
		DAD01A6F286C5E8F0006A584 /* Controllers */ = {
			isa = PBXGroup;
			children = (
				DA1155AD2847550300B9F742 /* ViewController.swift */,
				DAD01A70286C5EF80006A584 /* LoginViewController.swift */,
				DAD01A72286C60840006A584 /* ShareViewController.swift */,
				DAD01A77286C6D7A0006A584 /* HomeViewController.swift */,
				DAD01A79286C6D8A0006A584 /* RegisterViewController.swift */,
				DAD01A7B286C900B0006A584 /* ProfileViewController.swift */,
				DAD01A87286DD9190006A584 /* UploadViewController.swift */,
			);
			path = Controllers;
			sourceTree = "<group>";
		};
		DAD01A74286C62D90006A584 /* Utilities */ = {
			isa = PBXGroup;
			children = (
				DAD01A75286C62E80006A584 /* Utilities.swift */,
			);
			path = Utilities;
			sourceTree = "<group>";
		};
		DAD01A7D286CBABC0006A584 /* Data */ = {
			isa = PBXGroup;
			children = (
				DAD01A7E286CBADC0006A584 /* SharedItem.swift */,
			);
			path = Data;
			sourceTree = "<group>";
		};
		DAD01A82286DD7790006A584 /* Views */ = {
			isa = PBXGroup;
			children = (
				DAD01A83286DD7850006A584 /* SharedItemTableViewCell.swift */,
				DAD01A84286DD7850006A584 /* SharedItemTableViewCell.xib */,
			);
			path = Views;
			sourceTree = "<group>";
		};
		DAD01A8B286DFE8D0006A584 /* Fonts */ = {
			isa = PBXGroup;
			children = (
				DAD01A8D286DFEA50006A584 /* Splash-Regular.ttf */,
				DAD01A8C286DFE990006A584 /* Arima-VariableFont_wght.ttf */,
			);
			path = Fonts;
			sourceTree = "<group>";
		};
		DAD01A95286E293A0006A584 /* Assets */ = {
			isa = PBXGroup;
			children = (
				DAD01A93286E29360006A584 /* wave.png */,
			);
			path = Assets;
			sourceTree = "<group>";
		};
/* End PBXGroup section */

/* Begin PBXNativeTarget section */
		DA1155A52847550300B9F742 /* ShareAway */ = {
			isa = PBXNativeTarget;
			buildConfigurationList = DA1155BA2847550800B9F742 /* Build configuration list for PBXNativeTarget "ShareAway" */;
			buildPhases = (
				DA1155A22847550300B9F742 /* Sources */,
				DA1155A32847550300B9F742 /* Frameworks */,
				DA1155A42847550300B9F742 /* Resources */,
			);
			buildRules = (
			);
			dependencies = (
			);
			name = ShareAway;
			packageProductDependencies = (
				DAD01A69286C3C760006A584 /* FirebaseAuth */,
				DAD01A6B286C3C760006A584 /* FirebaseFirestore */,
			);
			productName = ShareAway;
			productReference = DA1155A62847550300B9F742 /* ShareAway.app */;
			productType = "com.apple.product-type.application";
		};
/* End PBXNativeTarget section */

/* Begin PBXProject section */
		DA11559E2847550300B9F742 /* Project object */ = {
			isa = PBXProject;
			attributes = {
				BuildIndependentTargetsInParallel = 1;
				LastSwiftUpdateCheck = 1340;
				LastUpgradeCheck = 1340;
				TargetAttributes = {
					DA1155A52847550300B9F742 = {
						CreatedOnToolsVersion = 13.4;
					};
				};
			};
			buildConfigurationList = DA1155A12847550300B9F742 /* Build configuration list for PBXProject "ShareAway" */;
			compatibilityVersion = "Xcode 13.0";
			developmentRegion = en;
			hasScannedForEncodings = 0;
			knownRegions = (
				en,
				Base,
			);
			mainGroup = DA11559D2847550300B9F742;
			packageReferences = (
				DAD01A68286C3C760006A584 /* XCRemoteSwiftPackageReference "firebase-ios-sdk" */,
			);
			productRefGroup = DA1155A72847550300B9F742 /* Products */;
			projectDirPath = "";
			projectRoot = "";
			targets = (
				DA1155A52847550300B9F742 /* ShareAway */,
			);
		};
/* End PBXProject section */

/* Begin PBXResourcesBuildPhase section */
		DA1155A42847550300B9F742 /* Resources */ = {
			isa = PBXResourcesBuildPhase;
			buildActionMask = 2147483647;
			files = (
				DAD01A92286E227A0006A584 /* Main.storyboard in Resources */,
				DAD01A86286DD7850006A584 /* SharedItemTableViewCell.xib in Resources */,
				DAD01A67286C3B460006A584 /* GoogleService-Info.plist in Resources */,
				DA1155B32847550800B9F742 /* Assets.xcassets in Resources */,
				DAD01A6E286C49060006A584 /* Launch Screen.storyboard in Resources */,
				DAD01A8E286E1F040006A584 /* Arima-VariableFont_wght.ttf in Resources */,
				DAD01A94286E29360006A584 /* wave.png in Resources */,
				DAD01A8F286E1F060006A584 /* Splash-Regular.ttf in Resources */,
			);
			runOnlyForDeploymentPostprocessing = 0;
		};
/* End PBXResourcesBuildPhase section */

/* Begin PBXSourcesBuildPhase section */
		DA1155A22847550300B9F742 /* Sources */ = {
			isa = PBXSourcesBuildPhase;
			buildActionMask = 2147483647;
			files = (
				DAD01A76286C62E80006A584 /* Utilities.swift in Sources */,
				DAD01A88286DD9190006A584 /* UploadViewController.swift in Sources */,
				DAD01A85286DD7850006A584 /* SharedItemTableViewCell.swift in Sources */,
				DAD01A71286C5EF80006A584 /* LoginViewController.swift in Sources */,
				DA1155AE2847550300B9F742 /* ViewController.swift in Sources */,
				DAD01A7A286C6D8A0006A584 /* RegisterViewController.swift in Sources */,
				DAD01A73286C60840006A584 /* ShareViewController.swift in Sources */,
				DA1155AA2847550300B9F742 /* AppDelegate.swift in Sources */,
				DAD01A7C286C900B0006A584 /* ProfileViewController.swift in Sources */,
				DAD01A78286C6D7A0006A584 /* HomeViewController.swift in Sources */,
				DA1155AC2847550300B9F742 /* SceneDelegate.swift in Sources */,
				DAD01A7F286CBADC0006A584 /* SharedItem.swift in Sources */,
			);
			runOnlyForDeploymentPostprocessing = 0;
		};
/* End PBXSourcesBuildPhase section */

/* Begin PBXVariantGroup section */
		DAD01A90286E227A0006A584 /* Main.storyboard */ = {
			isa = PBXVariantGroup;
			children = (
				DAD01A91286E227A0006A584 /* Base */,
			);
			name = Main.storyboard;
			sourceTree = "<group>";
		};
/* End PBXVariantGroup section */

/* Begin XCBuildConfiguration section */
		DA1155B82847550800B9F742 /* Debug */ = {
			isa = XCBuildConfiguration;
			buildSettings = {
				ALWAYS_SEARCH_USER_PATHS = NO;
				CLANG_ANALYZER_NONNULL = YES;
				CLANG_ANALYZER_NUMBER_OBJECT_CONVERSION = YES_AGGRESSIVE;
				CLANG_CXX_LANGUAGE_STANDARD = "gnu++17";
				CLANG_ENABLE_MODULES = YES;
				CLANG_ENABLE_OBJC_ARC = YES;
				CLANG_ENABLE_OBJC_WEAK = YES;
				CLANG_WARN_BLOCK_CAPTURE_AUTORELEASING = YES;
				CLANG_WARN_BOOL_CONVERSION = YES;
				CLANG_WARN_COMMA = YES;
				CLANG_WARN_CONSTANT_CONVERSION = YES;
				CLANG_WARN_DEPRECATED_OBJC_IMPLEMENTATIONS = YES;
				CLANG_WARN_DIRECT_OBJC_ISA_USAGE = YES_ERROR;
				CLANG_WARN_DOCUMENTATION_COMMENTS = YES;
				CLANG_WARN_EMPTY_BODY = YES;
				CLANG_WARN_ENUM_CONVERSION = YES;
				CLANG_WARN_INFINITE_RECURSION = YES;
				CLANG_WARN_INT_CONVERSION = YES;
				CLANG_WARN_NON_LITERAL_NULL_CONVERSION = YES;
				CLANG_WARN_OBJC_IMPLICIT_RETAIN_SELF = YES;
				CLANG_WARN_OBJC_LITERAL_CONVERSION = YES;
				CLANG_WARN_OBJC_ROOT_CLASS = YES_ERROR;
				CLANG_WARN_QUOTED_INCLUDE_IN_FRAMEWORK_HEADER = YES;
				CLANG_WARN_RANGE_LOOP_ANALYSIS = YES;
				CLANG_WARN_STRICT_PROTOTYPES = YES;
				CLANG_WARN_SUSPICIOUS_MOVE = YES;
				CLANG_WARN_UNGUARDED_AVAILABILITY = YES_AGGRESSIVE;
				CLANG_WARN_UNREACHABLE_CODE = YES;
				CLANG_WARN__DUPLICATE_METHOD_MATCH = YES;
				COPY_PHASE_STRIP = NO;
				DEBUG_INFORMATION_FORMAT = dwarf;
				ENABLE_STRICT_OBJC_MSGSEND = YES;
				ENABLE_TESTABILITY = YES;
				GCC_C_LANGUAGE_STANDARD = gnu11;
				GCC_DYNAMIC_NO_PIC = NO;
				GCC_NO_COMMON_BLOCKS = YES;
				GCC_OPTIMIZATION_LEVEL = 0;
				GCC_PREPROCESSOR_DEFINITIONS = (
					"DEBUG=1",
					"$(inherited)",
				);
				GCC_WARN_64_TO_32_BIT_CONVERSION = YES;
				GCC_WARN_ABOUT_RETURN_TYPE = YES_ERROR;
				GCC_WARN_UNDECLARED_SELECTOR = YES;
				GCC_WARN_UNINITIALIZED_AUTOS = YES_AGGRESSIVE;
				GCC_WARN_UNUSED_FUNCTION = YES;
				GCC_WARN_UNUSED_VARIABLE = YES;
				IPHONEOS_DEPLOYMENT_TARGET = 15.5;
				MTL_ENABLE_DEBUG_INFO = INCLUDE_SOURCE;
				MTL_FAST_MATH = YES;
				ONLY_ACTIVE_ARCH = YES;
				SDKROOT = iphoneos;
				SWIFT_ACTIVE_COMPILATION_CONDITIONS = DEBUG;
				SWIFT_OPTIMIZATION_LEVEL = "-Onone";
			};
			name = Debug;
		};
		DA1155B92847550800B9F742 /* Release */ = {
			isa = XCBuildConfiguration;
			buildSettings = {
				ALWAYS_SEARCH_USER_PATHS = NO;
				CLANG_ANALYZER_NONNULL = YES;
				CLANG_ANALYZER_NUMBER_OBJECT_CONVERSION = YES_AGGRESSIVE;
				CLANG_CXX_LANGUAGE_STANDARD = "gnu++17";
				CLANG_ENABLE_MODULES = YES;
				CLANG_ENABLE_OBJC_ARC = YES;
				CLANG_ENABLE_OBJC_WEAK = YES;
				CLANG_WARN_BLOCK_CAPTURE_AUTORELEASING = YES;
				CLANG_WARN_BOOL_CONVERSION = YES;
				CLANG_WARN_COMMA = YES;
				CLANG_WARN_CONSTANT_CONVERSION = YES;
				CLANG_WARN_DEPRECATED_OBJC_IMPLEMENTATIONS = YES;
				CLANG_WARN_DIRECT_OBJC_ISA_USAGE = YES_ERROR;
				CLANG_WARN_DOCUMENTATION_COMMENTS = YES;
				CLANG_WARN_EMPTY_BODY = YES;
				CLANG_WARN_ENUM_CONVERSION = YES;
				CLANG_WARN_INFINITE_RECURSION = YES;
				CLANG_WARN_INT_CONVERSION = YES;
				CLANG_WARN_NON_LITERAL_NULL_CONVERSION = YES;
				CLANG_WARN_OBJC_IMPLICIT_RETAIN_SELF = YES;
				CLANG_WARN_OBJC_LITERAL_CONVERSION = YES;
				CLANG_WARN_OBJC_ROOT_CLASS = YES_ERROR;
				CLANG_WARN_QUOTED_INCLUDE_IN_FRAMEWORK_HEADER = YES;
				CLANG_WARN_RANGE_LOOP_ANALYSIS = YES;
				CLANG_WARN_STRICT_PROTOTYPES = YES;
				CLANG_WARN_SUSPICIOUS_MOVE = YES;
				CLANG_WARN_UNGUARDED_AVAILABILITY = YES_AGGRESSIVE;
				CLANG_WARN_UNREACHABLE_CODE = YES;
				CLANG_WARN__DUPLICATE_METHOD_MATCH = YES;
				COPY_PHASE_STRIP = NO;
				DEBUG_INFORMATION_FORMAT = "dwarf-with-dsym";
				ENABLE_NS_ASSERTIONS = NO;
				ENABLE_STRICT_OBJC_MSGSEND = YES;
				GCC_C_LANGUAGE_STANDARD = gnu11;
				GCC_NO_COMMON_BLOCKS = YES;
				GCC_WARN_64_TO_32_BIT_CONVERSION = YES;
				GCC_WARN_ABOUT_RETURN_TYPE = YES_ERROR;
				GCC_WARN_UNDECLARED_SELECTOR = YES;
				GCC_WARN_UNINITIALIZED_AUTOS = YES_AGGRESSIVE;
				GCC_WARN_UNUSED_FUNCTION = YES;
				GCC_WARN_UNUSED_VARIABLE = YES;
				IPHONEOS_DEPLOYMENT_TARGET = 15.5;
				MTL_ENABLE_DEBUG_INFO = NO;
				MTL_FAST_MATH = YES;
				SDKROOT = iphoneos;
				SWIFT_COMPILATION_MODE = wholemodule;
				SWIFT_OPTIMIZATION_LEVEL = "-O";
				VALIDATE_PRODUCT = YES;
			};
			name = Release;
		};
		DA1155BB2847550800B9F742 /* Debug */ = {
			isa = XCBuildConfiguration;
			buildSettings = {
				ASSETCATALOG_COMPILER_APPICON_NAME = AppIcon;
				ASSETCATALOG_COMPILER_GLOBAL_ACCENT_COLOR_NAME = AccentColor;
				CODE_SIGN_STYLE = Automatic;
				CURRENT_PROJECT_VERSION = 1;
				DEVELOPMENT_TEAM = 6UQAD4B3U2;
				GENERATE_INFOPLIST_FILE = YES;
				INFOPLIST_FILE = ShareAway/Info.plist;
				INFOPLIST_KEY_UIApplicationSupportsIndirectInputEvents = YES;
				INFOPLIST_KEY_UILaunchStoryboardName = "Launch Screen";
				INFOPLIST_KEY_UIMainStoryboardFile = Main;
				INFOPLIST_KEY_UISupportedInterfaceOrientations_iPad = "UIInterfaceOrientationPortrait UIInterfaceOrientationPortraitUpsideDown UIInterfaceOrientationLandscapeLeft UIInterfaceOrientationLandscapeRight";
				INFOPLIST_KEY_UISupportedInterfaceOrientations_iPhone = "UIInterfaceOrientationPortrait UIInterfaceOrientationLandscapeLeft UIInterfaceOrientationLandscapeRight";
				LD_RUNPATH_SEARCH_PATHS = (
					"$(inherited)",
					"@executable_path/Frameworks",
				);
				MARKETING_VERSION = 1.0;
				PRODUCT_BUNDLE_IDENTIFIER = com.app.ShareAway;
				PRODUCT_NAME = "$(TARGET_NAME)";
				SWIFT_EMIT_LOC_STRINGS = YES;
				SWIFT_VERSION = 5.0;
				TARGETED_DEVICE_FAMILY = "1,2";
			};
			name = Debug;
		};
		DA1155BC2847550800B9F742 /* Release */ = {
			isa = XCBuildConfiguration;
			buildSettings = {
				ASSETCATALOG_COMPILER_APPICON_NAME = AppIcon;
				ASSETCATALOG_COMPILER_GLOBAL_ACCENT_COLOR_NAME = AccentColor;
				CODE_SIGN_STYLE = Automatic;
				CURRENT_PROJECT_VERSION = 1;
				DEVELOPMENT_TEAM = 6UQAD4B3U2;
				GENERATE_INFOPLIST_FILE = YES;
				INFOPLIST_FILE = ShareAway/Info.plist;
				INFOPLIST_KEY_UIApplicationSupportsIndirectInputEvents = YES;
				INFOPLIST_KEY_UILaunchStoryboardName = "Launch Screen";
				INFOPLIST_KEY_UIMainStoryboardFile = Main;
				INFOPLIST_KEY_UISupportedInterfaceOrientations_iPad = "UIInterfaceOrientationPortrait UIInterfaceOrientationPortraitUpsideDown UIInterfaceOrientationLandscapeLeft UIInterfaceOrientationLandscapeRight";
				INFOPLIST_KEY_UISupportedInterfaceOrientations_iPhone = "UIInterfaceOrientationPortrait UIInterfaceOrientationLandscapeLeft UIInterfaceOrientationLandscapeRight";
				LD_RUNPATH_SEARCH_PATHS = (
					"$(inherited)",
					"@executable_path/Frameworks",
				);
				MARKETING_VERSION = 1.0;
				PRODUCT_BUNDLE_IDENTIFIER = com.app.ShareAway;
				PRODUCT_NAME = "$(TARGET_NAME)";
				SWIFT_EMIT_LOC_STRINGS = YES;
				SWIFT_VERSION = 5.0;
				TARGETED_DEVICE_FAMILY = "1,2";
			};
			name = Release;
		};
/* End XCBuildConfiguration section */

/* Begin XCConfigurationList section */
		DA1155A12847550300B9F742 /* Build configuration list for PBXProject "ShareAway" */ = {
			isa = XCConfigurationList;
			buildConfigurations = (
				DA1155B82847550800B9F742 /* Debug */,
				DA1155B92847550800B9F742 /* Release */,
			);
			defaultConfigurationIsVisible = 0;
			defaultConfigurationName = Release;
		};
		DA1155BA2847550800B9F742 /* Build configuration list for PBXNativeTarget "ShareAway" */ = {
			isa = XCConfigurationList;
			buildConfigurations = (
				DA1155BB2847550800B9F742 /* Debug */,
				DA1155BC2847550800B9F742 /* Release */,
			);
			defaultConfigurationIsVisible = 0;
			defaultConfigurationName = Release;
		};
/* End XCConfigurationList section */

/* Begin XCRemoteSwiftPackageReference section */
		DAD01A68286C3C760006A584 /* XCRemoteSwiftPackageReference "firebase-ios-sdk" */ = {
			isa = XCRemoteSwiftPackageReference;
			repositoryURL = "https://github.com/firebase/firebase-ios-sdk";
			requirement = {
				kind = upToNextMajorVersion;
				minimumVersion = 9.0.0;
			};
		};
/* End XCRemoteSwiftPackageReference section */

/* Begin XCSwiftPackageProductDependency section */
		DAD01A69286C3C760006A584 /* FirebaseAuth */ = {
			isa = XCSwiftPackageProductDependency;
			package = DAD01A68286C3C760006A584 /* XCRemoteSwiftPackageReference "firebase-ios-sdk" */;
			productName = FirebaseAuth;
		};
		DAD01A6B286C3C760006A584 /* FirebaseFirestore */ = {
			isa = XCSwiftPackageProductDependency;
			package = DAD01A68286C3C760006A584 /* XCRemoteSwiftPackageReference "firebase-ios-sdk" */;
			productName = FirebaseFirestore;
		};
/* End XCSwiftPackageProductDependency section */
	};
	rootObject = DA11559E2847550300B9F742 /* Project object */;
}
